
Microsoft Visual Studio Solution File, Format Version 12.00
# Visual Studio Version 18
VisualStudioVersion = 18.9.12105.275 stable
MinimumVisualStudioVersion = 10.0.40219.1
Project("{9A19103F-16F7-4668-BE54-9A1E7A4F7556}") = "FeBuddyLibrary", "FeBuddyLibrary\FeBuddyLibrary.csproj", "{33E2E53F-D8E3-4428-A608-7495094B6674}"
EndProject
Project("{9A19103F-16F7-4668-BE54-9A1E7A4F7556}") = "FeBuddyWinFormUI", "FeBuddyWinFormUI\FeBuddyWinFormUI.csproj", "{5A339417-5097-473A-B6E9-B36727ADECD3}"
EndProject
Project("{2150E333-8FDC-42A3-9474-1A3956D46DE8}") = "Solution Items", "Solution Items", "{191EB42E-37C1-4033-B730-C90E60416309}"
	ProjectSection(SolutionItems) = preProject
		.editorconfig = .editorconfig
	EndProjectSection
EndProject
Project("{B7DD6F7E-DEF8-4E67-B5B7-07EF123DB6F0}") = "FE-BUDDY.Installer", "FE-BUDDY.Installer\FE-BUDDY.Installer.wixproj", "{8EAA2CB5-2EFE-42C9-B4E9-EA13F56BFF92}"
EndProject
Project("{9A19103F-16F7-4668-BE54-9A1E7A4F7556}") = "FeBuddy.Versioning", "FeBuddy.Versioning\FeBuddy.Versioning.csproj", "{7C9DA3C5-F420-4624-8D04-156E35E303AF}"
EndProject
Project("{9A19103F-16F7-4668-BE54-9A1E7A4F7556}") = "FE-BUDDY.Installer.CustomActions", "FE-BUDDY.Installer.CustomActions\FE-BUDDY.Installer.CustomActions.csproj", "{F2F96237-DA1C-4C3C-88B1-EECD13BE4C3B}"
EndProject
Global
	GlobalSection(SolutionConfigurationPlatforms) = preSolution
		Debug|Any CPU = Debug|Any CPU
		Debug|ARM64 = Debug|ARM64
		Debug|x64 = Debug|x64
		Debug|x86 = Debug|x86
		Release|Any CPU = Release|Any CPU
		Release|ARM64 = Release|ARM64
		Release|x64 = Release|x64
		Release|x86 = Release|x86
	EndGlobalSection
	GlobalSection(ProjectConfigurationPlatforms) = postSolution
		{33E2E53F-D8E3-4428-A608-7495094B6674}.Debug|Any CPU.ActiveCfg = Debug|Any CPU
		{33E2E53F-D8E3-4428-A608-7495094B6674}.Debug|Any CPU.Build.0 = Debug|Any CPU
		{33E2E53F-D8E3-4428-A608-7495094B6674}.Debug|ARM64.ActiveCfg = Debug|Any CPU
		{33E2E53F-D8E3-4428-A608-7495094B6674}.Debug|ARM64.Build.0 = Debug|Any CPU
		{33E2E53F-D8E3-4428-A608-7495094B6674}.Debug|x64.ActiveCfg = Debug|Any CPU
		{33E2E53F-D8E3-4428-A608-7495094B6674}.Debug|x64.Build.0 = Debug|Any CPU
		{33E2E53F-D8E3-4428-A608-7495094B6674}.Debug|x86.ActiveCfg = Debug|Any CPU
		{33E2E53F-D8E3-4428-A608-7495094B6674}.Debug|x86.Build.0 = Debug|Any CPU
		{33E2E53F-D8E3-4428-A608-7495094B6674}.Release|Any CPU.ActiveCfg = Release|Any CPU
		{33E2E53F-D8E3-4428-A608-7495094B6674}.Release|Any CPU.Build.0 = Release|Any CPU
		{33E2E53F-D8E3-4428-A608-7495094B6674}.Release|ARM64.ActiveCfg = Release|Any CPU
		{33E2E53F-D8E3-4428-A608-7495094B6674}.Release|ARM64.Build.0 = Release|Any CPU
		{33E2E53F-D8E3-4428-A608-7495094B6674}.Release|x64.ActiveCfg = Release|Any CPU
		{33E2E53F-D8E3-4428-A608-7495094B6674}.Release|x64.Build.0 = Release|Any CPU
		{33E2E53F-D8E3-4428-A608-7495094B6674}.Release|x86.ActiveCfg = Release|Any CPU
		{33E2E53F-D8E3-4428-A608-7495094B6674}.Release|x86.Build.0 = Release|Any CPU
		{5A339417-5097-473A-B6E9-B36727ADECD3}.Debug|Any CPU.ActiveCfg = Debug|Any CPU
		{5A339417-5097-473A-B6E9-B36727ADECD3}.Debug|Any CPU.Build.0 = Debug|Any CPU
		{5A339417-5097-473A-B6E9-B36727ADECD3}.Debug|ARM64.ActiveCfg = Debug|Any CPU
		{5A339417-5097-473A-B6E9-B36727ADECD3}.Debug|ARM64.Build.0 = Debug|Any CPU
		{5A339417-5097-473A-B6E9-B36727ADECD3}.Debug|x64.ActiveCfg = Debug|Any CPU
		{5A339417-5097-473A-B6E9-B36727ADECD3}.Debug|x64.Build.0 = Debug|Any CPU
		{5A339417-5097-473A-B6E9-B36727ADECD3}.Debug|x86.ActiveCfg = Debug|Any CPU
		{5A339417-5097-473A-B6E9-B36727ADECD3}.Debug|x86.Build.0 = Debug|Any CPU
		{5A339417-5097-473A-B6E9-B36727ADECD3}.Release|Any CPU.ActiveCfg = Release|Any CPU
		{5A339417-5097-473A-B6E9-B36727ADECD3}.Release|Any CPU.Build.0 = Release|Any CPU
		{5A339417-5097-473A-B6E9-B36727ADECD3}.Release|ARM64.ActiveCfg = Release|Any CPU
		{5A339417-5097-473A-B6E9-B36727ADECD3}.Release|ARM64.Build.0 = Release|Any CPU
		{5A339417-5097-473A-B6E9-B36727ADECD3}.Release|x64.ActiveCfg = Release|Any CPU
		{5A339417-5097-473A-B6E9-B36727ADECD3}.Release|x64.Build.0 = Release|Any CPU
		{5A339417-5097-473A-B6E9-B36727ADECD3}.Release|x86.ActiveCfg = Release|Any CPU
		{5A339417-5097-473A-B6E9-B36727ADECD3}.Release|x86.Build.0 = Release|Any CPU
		{8EAA2CB5-2EFE-42C9-B4E9-EA13F56BFF92}.Debug|Any CPU.ActiveCfg = Debug|x64
		{8EAA2CB5-2EFE-42C9-B4E9-EA13F56BFF92}.Debug|Any CPU.Build.0 = Debug|x64
		{8EAA2CB5-2EFE-42C9-B4E9-EA13F56BFF92}.Debug|ARM64.ActiveCfg = Debug|ARM64
		{8EAA2CB5-2EFE-42C9-B4E9-EA13F56BFF92}.Debug|ARM64.Build.0 = Debug|ARM64
		{8EAA2CB5-2EFE-42C9-B4E9-EA13F56BFF92}.Debug|x64.ActiveCfg = Debug|x64
		{8EAA2CB5-2EFE-42C9-B4E9-EA13F56BFF92}.Debug|x64.Build.0 = Debug|x64
		{8EAA2CB5-2EFE-42C9-B4E9-EA13F56BFF92}.Debug|x86.ActiveCfg = Debug|x86
		{8EAA2CB5-2EFE-42C9-B4E9-EA13F56BFF92}.Debug|x86.Build.0 = Debug|x86
		{8EAA2CB5-2EFE-42C9-B4E9-EA13F56BFF92}.Release|Any CPU.ActiveCfg = Release|x64
		{8EAA2CB5-2EFE-42C9-B4E9-EA13F56BFF92}.Release|Any CPU.Build.0 = Release|x64
		{8EAA2CB5-2EFE-42C9-B4E9-EA13F56BFF92}.Release|ARM64.ActiveCfg = Release|ARM64
		{8EAA2CB5-2EFE-42C9-B4E9-EA13F56BFF92}.Release|ARM64.Build.0 = Release|ARM64
		{8EAA2CB5-2EFE-42C9-B4E9-EA13F56BFF92}.Release|x64.ActiveCfg = Release|x64
		{8EAA2CB5-2EFE-42C9-B4E9-EA13F56BFF92}.Release|x64.Build.0 = Release|x64
		{8EAA2CB5-2EFE-42C9-B4E9-EA13F56BFF92}.Release|x86.ActiveCfg = Release|x86
		{8EAA2CB5-2EFE-42C9-B4E9-EA13F56BFF92}.Release|x86.Build.0 = Release|x86
		{7C9DA3C5-F420-4624-8D04-156E35E303AF}.Debug|Any CPU.ActiveCfg = Debug|Any CPU
		{7C9DA3C5-F420-4624-8D04-156E35E303AF}.Debug|Any CPU.Build.0 = Debug|Any CPU
		{7C9DA3C5-F420-4624-8D04-156E35E303AF}.Debug|ARM64.ActiveCfg = Debug|Any CPU
		{7C9DA3C5-F420-4624-8D04-156E35E303AF}.Debug|ARM64.Build.0 = Debug|Any CPU
		{7C9DA3C5-F420-4624-8D04-156E35E303AF}.Debug|x64.ActiveCfg = Debug|Any CPU
		{7C9DA3C5-F420-4624-8D04-156E35E303AF}.Debug|x64.Build.0 = Debug|Any CPU
		{7C9DA3C5-F420-4624-8D04-156E35E303AF}.Debug|x86.ActiveCfg = Debug|Any CPU
		{7C9DA3C5-F420-4624-8D04-156E35E303AF}.Debug|x86.Build.0 = Debug|Any CPU
		{7C9DA3C5-F420-4624-8D04-156E35E303AF}.Release|Any CPU.ActiveCfg = Release|Any CPU
		{7C9DA3C5-F420-4624-8D04-156E35E303AF}.Release|Any CPU.Build.0 = Release|Any CPU
		{7C9DA3C5-F420-4624-8D04-156E35E303AF}.Release|ARM64.ActiveCfg = Release|Any CPU
		{7C9DA3C5-F420-4624-8D04-156E35E303AF}.Release|ARM64.Build.0 = Release|Any CPU
		{7C9DA3C5-F420-4624-8D04-156E35E303AF}.Release|x64.ActiveCfg = Release|Any CPU
		{7C9DA3C5-F420-4624-8D04-156E35E303AF}.Release|x64.Build.0 = Release|Any CPU
		{7C9DA3C5-F420-4624-8D04-156E35E303AF}.Release|x86.ActiveCfg = Release|Any CPU
		{7C9DA3C5-F420-4624-8D04-156E35E303AF}.Release|x86.Build.0 = Release|Any CPU
		{F2F96237-DA1C-4C3C-88B1-EECD13BE4C3B}.Debug|Any CPU.ActiveCfg = Debug|x64
		{F2F96237-DA1C-4C3C-88B1-EECD13BE4C3B}.Debug|Any CPU.Build.0 = Debug|x64
		{F2F96237-DA1C-4C3C-88B1-EECD13BE4C3B}.Debug|ARM64.ActiveCfg = Debug|x64
		{F2F96237-DA1C-4C3C-88B1-EECD13BE4C3B}.Debug|ARM64.Build.0 = Debug|x64
		{F2F96237-DA1C-4C3C-88B1-EECD13BE4C3B}.Debug|x64.ActiveCfg = Debug|x64
		{F2F96237-DA1C-4C3C-88B1-EECD13BE4C3B}.Debug|x64.Build.0 = Debug|x64
		{F2F96237-DA1C-4C3C-88B1-EECD13BE4C3B}.Debug|x86.ActiveCfg = Debug|x64
		{F2F96237-DA1C-4C3C-88B1-EECD13BE4C3B}.Debug|x86.Build.0 = Debug|x64
		{F2F96237-DA1C-4C3C-88B1-EECD13BE4C3B}.Release|Any CPU.ActiveCfg = Release|x64
		{F2F96237-DA1C-4C3C-88B1-EECD13BE4C3B}.Release|Any CPU.Build.0 = Release|x64
		{F2F96237-DA1C-4C3C-88B1-EECD13BE4C3B}.Release|ARM64.ActiveCfg = Release|x64
		{F2F96237-DA1C-4C3C-88B1-EECD13BE4C3B}.Release|ARM64.Build.0 = Release|x64
		{F2F96237-DA1C-4C3C-88B1-EECD13BE4C3B}.Release|x64.ActiveCfg = Release|x64
		{F2F96237-DA1C-4C3C-88B1-EECD13BE4C3B}.Release|x64.Build.0 = Release|x64
		{F2F96237-DA1C-4C3C-88B1-EECD13BE4C3B}.Release|x86.ActiveCfg = Release|x64
		{F2F96237-DA1C-4C3C-88B1-EECD13BE4C3B}.Release|x86.Build.0 = Release|x64
	EndGlobalSection
	GlobalSection(SolutionProperties) = preSolution
		HideSolutionNode = FALSE
	EndGlobalSection
	GlobalSection(ExtensibilityGlobals) = postSolution
		SolutionGuid = {8F1228CF-55F8-4C8F-9E80-A118E66B0201}
	EndGlobalSection
EndGlobal
