
Microsoft Visual Studio Solution File, Format Version 12.00
# Visual Studio Version 17
VisualStudioVersion = 17.3.32804.467
MinimumVisualStudioVersion = 10.0.40219.1
Project("{9A19103F-16F7-4668-BE54-9A1E7A4F7556}") = "UnitTests", "UnitTests\UnitTests.csproj", "{12EE2760-36FD-497C-9D5D-35DE0881580F}"
EndProject
Project("{9A19103F-16F7-4668-BE54-9A1E7A4F7556}") = "FEBuddyLibrary", "FEBuddyLibrary\FEBuddyLibrary.csproj", "{297C8ADB-9A7D-4D8B-A06C-84F0B6F85ACC}"
EndProject
Project("{9A19103F-16F7-4668-BE54-9A1E7A4F7556}") = "WPF_Template", "WPF_Template\WPF_Template.csproj", "{08A0E0DF-7F2D-4123-8491-366832FD0A04}"
EndProject
Project("{9A19103F-16F7-4668-BE54-9A1E7A4F7556}") = "WPF_Template.Core", "WPF_Template.Core\WPF_Template.Core.csproj", "{A340CFC7-9239-4307-BE6D-2DC00E3A3343}"
EndProject
Project("{9A19103F-16F7-4668-BE54-9A1E7A4F7556}") = "WPF_Template.Tests.xUnit", "WPF_Template.Tests.xUnit\WPF_Template.Tests.xUnit.csproj", "{98183C1C-F511-4FEE-9F4E-5CE917D021CB}"
EndProject
Project("{9A19103F-16F7-4668-BE54-9A1E7A4F7556}") = "FeBuddyWPF", "FeBuddyWPF\FeBuddyWPF.csproj", "{6518AF4D-BB5F-48DC-90E7-3A25408855EB}"
EndProject
Project("{FAE04EC0-301F-11D3-BF4B-00C04F79EFBC}") = "WPFUI", "WPFUI\WPFUI.csproj", "{A7584357-A444-49C6-B9ED-B1065D90BB4E}"
EndProject
Global
	GlobalSection(SolutionConfigurationPlatforms) = preSolution
		Debug|Any CPU = Debug|Any CPU
		Debug|x64 = Debug|x64
		Debug|x86 = Debug|x86
		Release|Any CPU = Release|Any CPU
		Release|x64 = Release|x64
		Release|x86 = Release|x86
	EndGlobalSection
	GlobalSection(ProjectConfigurationPlatforms) = postSolution
		{12EE2760-36FD-497C-9D5D-35DE0881580F}.Debug|Any CPU.ActiveCfg = Debug|Any CPU
		{12EE2760-36FD-497C-9D5D-35DE0881580F}.Debug|Any CPU.Build.0 = Debug|Any CPU
		{12EE2760-36FD-497C-9D5D-35DE0881580F}.Debug|x64.ActiveCfg = Debug|Any CPU
		{12EE2760-36FD-497C-9D5D-35DE0881580F}.Debug|x64.Build.0 = Debug|Any CPU
		{12EE2760-36FD-497C-9D5D-35DE0881580F}.Debug|x86.ActiveCfg = Debug|Any CPU
		{12EE2760-36FD-497C-9D5D-35DE0881580F}.Debug|x86.Build.0 = Debug|Any CPU
		{12EE2760-36FD-497C-9D5D-35DE0881580F}.Release|Any CPU.ActiveCfg = Release|Any CPU
		{12EE2760-36FD-497C-9D5D-35DE0881580F}.Release|x64.ActiveCfg = Release|Any CPU
		{12EE2760-36FD-497C-9D5D-35DE0881580F}.Release|x64.Build.0 = Release|Any CPU
		{12EE2760-36FD-497C-9D5D-35DE0881580F}.Release|x86.ActiveCfg = Release|Any CPU
		{12EE2760-36FD-497C-9D5D-35DE0881580F}.Release|x86.Build.0 = Release|Any CPU
		{297C8ADB-9A7D-4D8B-A06C-84F0B6F85ACC}.Debug|Any CPU.ActiveCfg = Debug|Any CPU
		{297C8ADB-9A7D-4D8B-A06C-84F0B6F85ACC}.Debug|Any CPU.Build.0 = Debug|Any CPU
		{297C8ADB-9A7D-4D8B-A06C-84F0B6F85ACC}.Debug|x64.ActiveCfg = Debug|Any CPU
		{297C8ADB-9A7D-4D8B-A06C-84F0B6F85ACC}.Debug|x64.Build.0 = Debug|Any CPU
		{297C8ADB-9A7D-4D8B-A06C-84F0B6F85ACC}.Debug|x86.ActiveCfg = Debug|Any CPU
		{297C8ADB-9A7D-4D8B-A06C-84F0B6F85ACC}.Debug|x86.Build.0 = Debug|Any CPU
		{297C8ADB-9A7D-4D8B-A06C-84F0B6F85ACC}.Release|Any CPU.ActiveCfg = Release|Any CPU
		{297C8ADB-9A7D-4D8B-A06C-84F0B6F85ACC}.Release|Any CPU.Build.0 = Release|Any CPU
		{297C8ADB-9A7D-4D8B-A06C-84F0B6F85ACC}.Release|x64.ActiveCfg = Release|Any CPU
		{297C8ADB-9A7D-4D8B-A06C-84F0B6F85ACC}.Release|x64.Build.0 = Release|Any CPU
		{297C8ADB-9A7D-4D8B-A06C-84F0B6F85ACC}.Release|x86.ActiveCfg = Release|Any CPU
		{297C8ADB-9A7D-4D8B-A06C-84F0B6F85ACC}.Release|x86.Build.0 = Release|Any CPU
		{08A0E0DF-7F2D-4123-8491-366832FD0A04}.Debug|Any CPU.ActiveCfg = Debug|Any CPU
		{08A0E0DF-7F2D-4123-8491-366832FD0A04}.Debug|Any CPU.Build.0 = Debug|Any CPU
		{08A0E0DF-7F2D-4123-8491-366832FD0A04}.Debug|x64.ActiveCfg = Debug|Any CPU
		{08A0E0DF-7F2D-4123-8491-366832FD0A04}.Debug|x64.Build.0 = Debug|Any CPU
		{08A0E0DF-7F2D-4123-8491-366832FD0A04}.Debug|x86.ActiveCfg = Debug|Any CPU
		{08A0E0DF-7F2D-4123-8491-366832FD0A04}.Debug|x86.Build.0 = Debug|Any CPU
		{08A0E0DF-7F2D-4123-8491-366832FD0A04}.Release|Any CPU.ActiveCfg = Release|Any CPU
		{08A0E0DF-7F2D-4123-8491-366832FD0A04}.Release|Any CPU.Build.0 = Release|Any CPU
		{08A0E0DF-7F2D-4123-8491-366832FD0A04}.Release|x64.ActiveCfg = Release|Any CPU
		{08A0E0DF-7F2D-4123-8491-366832FD0A04}.Release|x64.Build.0 = Release|Any CPU
		{08A0E0DF-7F2D-4123-8491-366832FD0A04}.Release|x86.ActiveCfg = Release|Any CPU
		{08A0E0DF-7F2D-4123-8491-366832FD0A04}.Release|x86.Build.0 = Release|Any CPU
		{A340CFC7-9239-4307-BE6D-2DC00E3A3343}.Debug|Any CPU.ActiveCfg = Debug|Any CPU
		{A340CFC7-9239-4307-BE6D-2DC00E3A3343}.Debug|Any CPU.Build.0 = Debug|Any CPU
		{A340CFC7-9239-4307-BE6D-2DC00E3A3343}.Debug|x64.ActiveCfg = Debug|Any CPU
		{A340CFC7-9239-4307-BE6D-2DC00E3A3343}.Debug|x64.Build.0 = Debug|Any CPU
		{A340CFC7-9239-4307-BE6D-2DC00E3A3343}.Debug|x86.ActiveCfg = Debug|Any CPU
		{A340CFC7-9239-4307-BE6D-2DC00E3A3343}.Debug|x86.Build.0 = Debug|Any CPU
		{A340CFC7-9239-4307-BE6D-2DC00E3A3343}.Release|Any CPU.ActiveCfg = Release|Any CPU
		{A340CFC7-9239-4307-BE6D-2DC00E3A3343}.Release|Any CPU.Build.0 = Release|Any CPU
		{A340CFC7-9239-4307-BE6D-2DC00E3A3343}.Release|x64.ActiveCfg = Release|Any CPU
		{A340CFC7-9239-4307-BE6D-2DC00E3A3343}.Release|x64.Build.0 = Release|Any CPU
		{A340CFC7-9239-4307-BE6D-2DC00E3A3343}.Release|x86.ActiveCfg = Release|Any CPU
		{A340CFC7-9239-4307-BE6D-2DC00E3A3343}.Release|x86.Build.0 = Release|Any CPU
		{98183C1C-F511-4FEE-9F4E-5CE917D021CB}.Debug|Any CPU.ActiveCfg = Debug|Any CPU
		{98183C1C-F511-4FEE-9F4E-5CE917D021CB}.Debug|Any CPU.Build.0 = Debug|Any CPU
		{98183C1C-F511-4FEE-9F4E-5CE917D021CB}.Debug|x64.ActiveCfg = Debug|x64
		{98183C1C-F511-4FEE-9F4E-5CE917D021CB}.Debug|x64.Build.0 = Debug|x64
		{98183C1C-F511-4FEE-9F4E-5CE917D021CB}.Debug|x86.ActiveCfg = Debug|x86
		{98183C1C-F511-4FEE-9F4E-5CE917D021CB}.Debug|x86.Build.0 = Debug|x86
		{98183C1C-F511-4FEE-9F4E-5CE917D021CB}.Release|Any CPU.ActiveCfg = Release|Any CPU
		{98183C1C-F511-4FEE-9F4E-5CE917D021CB}.Release|Any CPU.Build.0 = Release|Any CPU
		{98183C1C-F511-4FEE-9F4E-5CE917D021CB}.Release|x64.ActiveCfg = Release|x64
		{98183C1C-F511-4FEE-9F4E-5CE917D021CB}.Release|x64.Build.0 = Release|x64
		{98183C1C-F511-4FEE-9F4E-5CE917D021CB}.Release|x86.ActiveCfg = Release|x86
		{98183C1C-F511-4FEE-9F4E-5CE917D021CB}.Release|x86.Build.0 = Release|x86
		{6518AF4D-BB5F-48DC-90E7-3A25408855EB}.Debug|Any CPU.ActiveCfg = Debug|Any CPU
		{6518AF4D-BB5F-48DC-90E7-3A25408855EB}.Debug|Any CPU.Build.0 = Debug|Any CPU
		{6518AF4D-BB5F-48DC-90E7-3A25408855EB}.Debug|x64.ActiveCfg = Debug|Any CPU
		{6518AF4D-BB5F-48DC-90E7-3A25408855EB}.Debug|x64.Build.0 = Debug|Any CPU
		{6518AF4D-BB5F-48DC-90E7-3A25408855EB}.Debug|x86.ActiveCfg = Debug|Any CPU
		{6518AF4D-BB5F-48DC-90E7-3A25408855EB}.Debug|x86.Build.0 = Debug|Any CPU
		{6518AF4D-BB5F-48DC-90E7-3A25408855EB}.Release|Any CPU.ActiveCfg = Release|Any CPU
		{6518AF4D-BB5F-48DC-90E7-3A25408855EB}.Release|Any CPU.Build.0 = Release|Any CPU
		{6518AF4D-BB5F-48DC-90E7-3A25408855EB}.Release|x64.ActiveCfg = Release|Any CPU
		{6518AF4D-BB5F-48DC-90E7-3A25408855EB}.Release|x64.Build.0 = Release|Any CPU
		{6518AF4D-BB5F-48DC-90E7-3A25408855EB}.Release|x86.ActiveCfg = Release|Any CPU
		{6518AF4D-BB5F-48DC-90E7-3A25408855EB}.Release|x86.Build.0 = Release|Any CPU
		{A7584357-A444-49C6-B9ED-B1065D90BB4E}.Debug|Any CPU.ActiveCfg = Debug|Any CPU
		{A7584357-A444-49C6-B9ED-B1065D90BB4E}.Debug|Any CPU.Build.0 = Debug|Any CPU
		{A7584357-A444-49C6-B9ED-B1065D90BB4E}.Debug|x64.ActiveCfg = Debug|Any CPU
		{A7584357-A444-49C6-B9ED-B1065D90BB4E}.Debug|x64.Build.0 = Debug|Any CPU
		{A7584357-A444-49C6-B9ED-B1065D90BB4E}.Debug|x86.ActiveCfg = Debug|Any CPU
		{A7584357-A444-49C6-B9ED-B1065D90BB4E}.Debug|x86.Build.0 = Debug|Any CPU
		{A7584357-A444-49C6-B9ED-B1065D90BB4E}.Release|Any CPU.ActiveCfg = Release|Any CPU
		{A7584357-A444-49C6-B9ED-B1065D90BB4E}.Release|Any CPU.Build.0 = Release|Any CPU
		{A7584357-A444-49C6-B9ED-B1065D90BB4E}.Release|x64.ActiveCfg = Release|Any CPU
		{A7584357-A444-49C6-B9ED-B1065D90BB4E}.Release|x64.Build.0 = Release|Any CPU
		{A7584357-A444-49C6-B9ED-B1065D90BB4E}.Release|x86.ActiveCfg = Release|Any CPU
		{A7584357-A444-49C6-B9ED-B1065D90BB4E}.Release|x86.Build.0 = Release|Any CPU
	EndGlobalSection
	GlobalSection(SolutionProperties) = preSolution
		HideSolutionNode = FALSE
	EndGlobalSection
	GlobalSection(ExtensibilityGlobals) = postSolution
		SolutionGuid = {4E5D2FD7-8EA5-407C-9277-BB884463438C}
	EndGlobalSection
EndGlobal
